<?xml version="1.0" encoding="utf-8"?>
<Project ToolsVersion="4.0" xmlns="http://schemas.microsoft.com/developer/msbuild/2003">
  <ItemGroup>
    <Filter Include="Source Files">
      <UniqueIdentifier>{4FC737F1-C7A5-4376-A066-2A32D752A2FF}</UniqueIdentifier>
      <Extensions>cpp;c;cc;cxx;c++;cppm;ixx;def;odl;idl;hpj;bat;asm;asmx</Extensions>
    </Filter>
    <Filter Include="Header Files">
      <UniqueIdentifier>{93995380-89BD-4b04-88EB-625FBE52EBFB}</UniqueIdentifier>
      <Extensions>h;hh;hpp;hxx;h++;hm;inl;inc;ipp;xsd</Extensions>
    </Filter>
    <Filter Include="Resource Files">
      <UniqueIdentifier>{67DA6AB6-F800-4c08-8B7A-83BB121AAD01}</UniqueIdentifier>
      <Extensions>rc;ico;cur;bmp;dlg;rc2;rct;bin;rgs;gif;jpg;jpeg;jpe;resx;tiff;tif;png;wav;mfcribbon-ms</Extensions>
    </Filter>
    <Filter Include="Source Files\ImGUI">
      <UniqueIdentifier>{5e1adf1b-1b88-4696-8309-5d7335ee2bf5}</UniqueIdentifier>
    </Filter>
  </ItemGroup>
  <ItemGroup>
    <ClCompile Include="src\Application.cpp">
      <Filter>Source Files</Filter>
    </ClCompile>
    <ClCompile Include="src\GameWindow.cpp">
      <Filter>Source Files</Filter>
    </ClCompile>
    <ClCompile Include="src\HandleInput.cpp">
      <Filter>Source Files</Filter>
    </ClCompile>
    <ClCompile Include="src\Shader.cpp">
      <Filter>Source Files</Filter>
    </ClCompile>
    <ClCompile Include="src\stb_image.cpp">
      <Filter>Source Files</Filter>
    </ClCompile>
    <ClCompile Include="src\FlyCamera.cpp">
      <Filter>Source Files</Filter>
    </ClCompile>
    <ClCompile Include="ImGUI\imgui.cpp">
      <Filter>Source Files</Filter>
    </ClCompile>
    <ClCompile Include="ImGUI\imgui_demo.cpp">
      <Filter>Source Files</Filter>
    </ClCompile>
    <ClCompile Include="ImGUI\imgui_draw.cpp">
      <Filter>Source Files</Filter>
    </ClCompile>
    <ClCompile Include="ImGUI\imgui_impl_glfw.cpp">
      <Filter>Source Files</Filter>
    </ClCompile>
    <ClCompile Include="ImGUI\imgui_impl_opengl3.cpp">
      <Filter>Source Files</Filter>
    </ClCompile>
    <ClCompile Include="ImGUI\imgui_tables.cpp">
      <Filter>Source Files</Filter>
    </ClCompile>
    <ClCompile Include="ImGUI\imgui_widgets.cpp">
      <Filter>Source Files</Filter>
    </ClCompile>
    <ClCompile Include="src\DrawChunk.cpp">
      <Filter>Source Files</Filter>
    </ClCompile>
    <ClCompile Include="src\Blocks\GrassBlock.cpp">
      <Filter>Source Files</Filter>
    </ClCompile>
    <ClCompile Include="src\Blocks\DirtBlock.cpp">
      <Filter>Source Files</Filter>
    </ClCompile>
    <ClCompile Include="src\Blocks\StoneBlock.cpp">
      <Filter>Source Files</Filter>
    </ClCompile>
    <ClCompile Include="src\Blocks\VoidBlock.cpp">
      <Filter>Source Files</Filter>
    </ClCompile>
    <ClCompile Include="src\LoadChunk.cpp">
      <Filter>Source Files</Filter>
    </ClCompile>
    <ClCompile Include="src\GenerateTerrainData.cpp">
      <Filter>Source Files</Filter>
    </ClCompile>
    <ClCompile Include="src\VoxelBoxUtils\VBGameObject.cpp">
      <Filter>Source Files</Filter>
    </ClCompile>
    <ClCompile Include="src\VoxelBoxUtils\VBVector3.cpp">
      <Filter>Source Files</Filter>
    </ClCompile>
    <ClCompile Include="src\VoxelBoxUtils\VBAABB.cpp">
      <Filter>Source Files</Filter>
    </ClCompile>
    <ClCompile Include="src\VoxelBoxUtils\VBRay.cpp">
      <Filter>Source Files</Filter>
    </ClCompile>
  </ItemGroup>
  <ItemGroup>
    <ClInclude Include="src\GameWindow.h">
      <Filter>Header Files</Filter>
    </ClInclude>
    <ClInclude Include="src\HandleInput.h">
      <Filter>Header Files</Filter>
    </ClInclude>
    <ClInclude Include="src\Shader.h">
      <Filter>Header Files</Filter>
    </ClInclude>
    <ClInclude Include="src\stb_image.h">
      <Filter>Header Files</Filter>
    </ClInclude>
    <ClInclude Include="src\FlyCamera.h">
      <Filter>Header Files</Filter>
    </ClInclude>
    <ClInclude Include="ImGUI\imconfig.h">
      <Filter>Header Files</Filter>
    </ClInclude>
    <ClInclude Include="ImGUI\imgui.h">
      <Filter>Header Files</Filter>
    </ClInclude>
    <ClInclude Include="ImGUI\imgui_impl_glfw.h">
      <Filter>Header Files</Filter>
    </ClInclude>
    <ClInclude Include="ImGUI\imgui_impl_opengl3.h">
      <Filter>Header Files</Filter>
    </ClInclude>
    <ClInclude Include="ImGUI\imgui_internal.h">
      <Filter>Header Files</Filter>
    </ClInclude>
    <ClInclude Include="ImGUI\imstb_rectpack.h">
      <Filter>Header Files</Filter>
    </ClInclude>
    <ClInclude Include="ImGUI\imstb_textedit.h">
      <Filter>Header Files</Filter>
    </ClInclude>
    <ClInclude Include="ImGUI\imstb_truetype.h">
      <Filter>Header Files</Filter>
    </ClInclude>
    <ClInclude Include="ImGUI\imgui_impl_opengl3_loader.h">
      <Filter>Header Files</Filter>
    </ClInclude>
    <ClInclude Include="src\DrawChunk.h">
      <Filter>Header Files</Filter>
    </ClInclude>
    <ClInclude Include="src\Blocks\Block.h">
      <Filter>Header Files</Filter>
    </ClInclude>
    <ClInclude Include="src\Blocks\GrassBlock.h">
      <Filter>Header Files</Filter>
    </ClInclude>
    <ClInclude Include="src\Blocks\DirtBlock.h">
      <Filter>Header Files</Filter>
    </ClInclude>
    <ClInclude Include="src\Blocks\Blocks.h">
      <Filter>Header Files</Filter>
    </ClInclude>
    <ClInclude Include="src\Blocks\StoneBlock.h">
      <Filter>Header Files</Filter>
    </ClInclude>
    <ClInclude Include="src\Blocks\VoidBlock.h">
      <Filter>Header Files</Filter>
    </ClInclude>
    <ClInclude Include="src\LoadChunk.h">
      <Filter>Header Files</Filter>
    </ClInclude>
    <ClInclude Include="src\GenerateTerrainData.h">
      <Filter>Header Files</Filter>
    </ClInclude>
    <ClInclude Include="src\VoxelBoxStructs.h">
      <Filter>Header Files</Filter>
    </ClInclude>
    <ClInclude Include="src\VoxelBoxUtils\VBGameObject.h">
      <Filter>Header Files</Filter>
    </ClInclude>
    <ClInclude Include="src\VoxelBoxUtils\VBVector3.h">
      <Filter>Header Files</Filter>
    </ClInclude>
    <ClInclude Include="src\VoxelBoxUtils\VBAABB.h">
      <Filter>Header Files</Filter>
    </ClInclude>
    <ClInclude Include="src\VoxelBoxUtils\VBRay.h">
      <Filter>Header Files</Filter>
    </ClInclude>
    <ClInclude Include="src\VoxelBoxCallbacks.h">
      <Filter>Header Files</Filter>
    </ClInclude>
    <ClInclude Include="resource.h">
      <Filter>Header Files</Filter>
    </ClInclude>
  </ItemGroup>
  <ItemGroup>
    <None Include="shaders\SimpleShader.vs" />
    <None Include="shaders\SimpleShader.fs" />
    <None Include="shaders\BasicBlockShader.vs" />
    <None Include="shaders\BasicBlockShader.fs" />
    <None Include="shaders\LineShader.vs" />
    <None Include="shaders\LineShader.fs" />
    <None Include="shaders\TestPointerShader.fs" />
    <None Include="shaders\TestPointerShader.vs" />
  </ItemGroup>
  <ItemGroup>
    <Image Include="textures\256Atlas.png">
      <Filter>Resource Files</Filter>
    </Image>
    <Image Include="..\VBIcon.png">
      <Filter>Resource Files</Filter>
    </Image>
    <Image Include="..\VBIcon.ico">
      <Filter>Resource Files</Filter>
    </Image>
  </ItemGroup>
  <ItemGroup>
    <ResourceCompile Include="VoxelBoxC++.rc">
      <Filter>Resource Files</Filter>
    </ResourceCompile>
  </ItemGroup>
</Project>